github.com/ysmood/gop v0.1.0 h1:BkW6hF0j/hZNyZv+FOPU7op1zuDqRa7x7GJyygb5uf4=
github.com/ysmood/gop v0.1.0/go.mod h1:rr5z2z27oGEbyB787hpEcx4ab8cCiPnKxn0SUHt6xzk=
github.com/ysmood/got v0.35.1 h1:4EVnrjKziFs4XRxPLEsfQgIEy2Crvu5aTxnAL3cDrEg=
github.com/ysmood/got v0.35.1/go.mod h1:R7naGpP/qR1i9b5xOCkQnfuEAUPq0TROuTffdxbJoIc=
